// !$*UTF8*$!
{
	archiveVersion = 1;
	classes = {
	};
	objectVersion = 56;
	objects = {

/* Begin PBXBuildFile section */
		3F0DC4B72989503700C0BCBC /* ListOfPlacesView.swift in Sources */ = {isa = PBXBuildFile; fileRef = 3F0DC4B62989503700C0BCBC /* ListOfPlacesView.swift */; };
		3F0DC4B92989618600C0BCBC /* PlaceDetailsView.swift in Sources */ = {isa = PBXBuildFile; fileRef = 3F0DC4B82989618600C0BCBC /* PlaceDetailsView.swift */; };
		3F0DC4BB2989670A00C0BCBC /* DestinationView.swift in Sources */ = {isa = PBXBuildFile; fileRef = 3F0DC4BA2989670A00C0BCBC /* DestinationView.swift */; };
		3F136757297FE6F3005B8666 /* MushMazeApp.swift in Sources */ = {isa = PBXBuildFile; fileRef = 3F136756297FE6F3005B8666 /* MushMazeApp.swift */; };
		3F136759297FE6F3005B8666 /* ContentView.swift in Sources */ = {isa = PBXBuildFile; fileRef = 3F136758297FE6F3005B8666 /* ContentView.swift */; };
		3F13675B297FE6F5005B8666 /* Assets.xcassets in Resources */ = {isa = PBXBuildFile; fileRef = 3F13675A297FE6F5005B8666 /* Assets.xcassets */; };
		3F13675E297FE6F5005B8666 /* Preview Assets.xcassets in Resources */ = {isa = PBXBuildFile; fileRef = 3F13675D297FE6F5005B8666 /* Preview Assets.xcassets */; };
		3F136768297FE6F6005B8666 /* MushMazeTests.swift in Sources */ = {isa = PBXBuildFile; fileRef = 3F136767297FE6F6005B8666 /* MushMazeTests.swift */; };
		3F136772297FE6F6005B8666 /* MushMazeUITests.swift in Sources */ = {isa = PBXBuildFile; fileRef = 3F136771297FE6F6005B8666 /* MushMazeUITests.swift */; };
		3F136774297FE6F6005B8666 /* MushMazeUITestsLaunchTests.swift in Sources */ = {isa = PBXBuildFile; fileRef = 3F136773297FE6F6005B8666 /* MushMazeUITestsLaunchTests.swift */; };
		3F136781297FE916005B8666 /* LocationManager.swift in Sources */ = {isa = PBXBuildFile; fileRef = 3F136780297FE916005B8666 /* LocationManager.swift */; };
		3F136787297FF064005B8666 /* Place.swift in Sources */ = {isa = PBXBuildFile; fileRef = 3F136786297FF064005B8666 /* Place.swift */; };
		3F136789297FF0CC005B8666 /* Places.swift in Sources */ = {isa = PBXBuildFile; fileRef = 3F136788297FF0CC005B8666 /* Places.swift */; };
		3F13678B29801094005B8666 /* MapView.swift in Sources */ = {isa = PBXBuildFile; fileRef = 3F13678A29801094005B8666 /* MapView.swift */; };
		3F13678D29801616005B8666 /* GoogleService-Info.plist in Resources */ = {isa = PBXBuildFile; fileRef = 3F13678C29801616005B8666 /* GoogleService-Info.plist */; };
		3F136790298016D6005B8666 /* FirebaseFirestore in Frameworks */ = {isa = PBXBuildFile; productRef = 3F13678F298016D6005B8666 /* FirebaseFirestore */; };
		3F136792298016D6005B8666 /* FirebaseFirestoreSwift in Frameworks */ = {isa = PBXBuildFile; productRef = 3F136791298016D6005B8666 /* FirebaseFirestoreSwift */; };
		3F136794298016D6005B8666 /* FirebaseFunctions in Frameworks */ = {isa = PBXBuildFile; productRef = 3F136793298016D6005B8666 /* FirebaseFunctions */; };
		3F42EA19298BCC3E00477F61 /* UserModel.swift in Sources */ = {isa = PBXBuildFile; fileRef = 3F42EA18298BCC3E00477F61 /* UserModel.swift */; };
		3F80B7722981468F00C39181 /* SigningInView.swift in Sources */ = {isa = PBXBuildFile; fileRef = 3F80B7712981468F00C39181 /* SigningInView.swift */; };
		3F80B7742981617E00C39181 /* User.swift in Sources */ = {isa = PBXBuildFile; fileRef = 3F80B7732981617E00C39181 /* User.swift */; };
		3F80E35D2981220D002877FD /* FirebaseAuth in Frameworks */ = {isa = PBXBuildFile; productRef = 3F80E35C2981220D002877FD /* FirebaseAuth */; };
		3F80E35F29812359002877FD /* CreatingAccountView.swift in Sources */ = {isa = PBXBuildFile; fileRef = 3F80E35E29812359002877FD /* CreatingAccountView.swift */; };
		3F8D357E2982767300DCBCBF /* ProfileView.swift in Sources */ = {isa = PBXBuildFile; fileRef = 3F8D357D2982767300DCBCBF /* ProfileView.swift */; };
		3F8D35812982A2B600DCBCBF /* AddPlaceView.swift in Sources */ = {isa = PBXBuildFile; fileRef = 3F8D35802982A2B600DCBCBF /* AddPlaceView.swift */; };
		3F8D35832982C61900DCBCBF /* FirebaseStorage in Frameworks */ = {isa = PBXBuildFile; productRef = 3F8D35822982C61900DCBCBF /* FirebaseStorage */; };
		3F8D35892983CA8700DCBCBF /* ImagePicker.swift in Sources */ = {isa = PBXBuildFile; fileRef = 3F8D35882983CA8600DCBCBF /* ImagePicker.swift */; };
		3F8D358B2983CB4800DCBCBF /* ImageMod.swift in Sources */ = {isa = PBXBuildFile; fileRef = 3F8D358A2983CB4800DCBCBF /* ImageMod.swift */; };
		3FBF8B852990FA3B002C744F /* ChoicePopUp.swift in Sources */ = {isa = PBXBuildFile; fileRef = 3FBF8B842990FA3B002C744F /* ChoicePopUp.swift */; };
/* End PBXBuildFile section */

/* Begin PBXContainerItemProxy section */
		3F136764297FE6F6005B8666 /* PBXContainerItemProxy */ = {
			isa = PBXContainerItemProxy;
			containerPortal = 3F13674B297FE6F3005B8666 /* Project object */;
			proxyType = 1;
			remoteGlobalIDString = 3F136752297FE6F3005B8666;
			remoteInfo = MushMaze;
		};
		3F13676E297FE6F6005B8666 /* PBXContainerItemProxy */ = {
			isa = PBXContainerItemProxy;
			containerPortal = 3F13674B297FE6F3005B8666 /* Project object */;
			proxyType = 1;
			remoteGlobalIDString = 3F136752297FE6F3005B8666;
			remoteInfo = MushMaze;
		};
/* End PBXContainerItemProxy section */

/* Begin PBXFileReference section */
		3F0DC4B62989503700C0BCBC /* ListOfPlacesView.swift */ = {isa = PBXFileReference; lastKnownFileType = sourcecode.swift; path = ListOfPlacesView.swift; sourceTree = "<group>"; };
		3F0DC4B82989618600C0BCBC /* PlaceDetailsView.swift */ = {isa = PBXFileReference; lastKnownFileType = sourcecode.swift; path = PlaceDetailsView.swift; sourceTree = "<group>"; };
		3F0DC4BA2989670A00C0BCBC /* DestinationView.swift */ = {isa = PBXFileReference; lastKnownFileType = sourcecode.swift; path = DestinationView.swift; sourceTree = "<group>"; };
		3F136753297FE6F3005B8666 /* MushMaze.app */ = {isa = PBXFileReference; explicitFileType = wrapper.application; includeInIndex = 0; path = MushMaze.app; sourceTree = BUILT_PRODUCTS_DIR; };
		3F136756297FE6F3005B8666 /* MushMazeApp.swift */ = {isa = PBXFileReference; lastKnownFileType = sourcecode.swift; path = MushMazeApp.swift; sourceTree = "<group>"; };
		3F136758297FE6F3005B8666 /* ContentView.swift */ = {isa = PBXFileReference; lastKnownFileType = sourcecode.swift; path = ContentView.swift; sourceTree = "<group>"; };
		3F13675A297FE6F5005B8666 /* Assets.xcassets */ = {isa = PBXFileReference; lastKnownFileType = folder.assetcatalog; path = Assets.xcassets; sourceTree = "<group>"; };
		3F13675D297FE6F5005B8666 /* Preview Assets.xcassets */ = {isa = PBXFileReference; lastKnownFileType = folder.assetcatalog; path = "Preview Assets.xcassets"; sourceTree = "<group>"; };
		3F136763297FE6F6005B8666 /* MushMazeTests.xctest */ = {isa = PBXFileReference; explicitFileType = wrapper.cfbundle; includeInIndex = 0; path = MushMazeTests.xctest; sourceTree = BUILT_PRODUCTS_DIR; };
		3F136767297FE6F6005B8666 /* MushMazeTests.swift */ = {isa = PBXFileReference; lastKnownFileType = sourcecode.swift; path = MushMazeTests.swift; sourceTree = "<group>"; };
		3F13676D297FE6F6005B8666 /* MushMazeUITests.xctest */ = {isa = PBXFileReference; explicitFileType = wrapper.cfbundle; includeInIndex = 0; path = MushMazeUITests.xctest; sourceTree = BUILT_PRODUCTS_DIR; };
		3F136771297FE6F6005B8666 /* MushMazeUITests.swift */ = {isa = PBXFileReference; lastKnownFileType = sourcecode.swift; path = MushMazeUITests.swift; sourceTree = "<group>"; };
		3F136773297FE6F6005B8666 /* MushMazeUITestsLaunchTests.swift */ = {isa = PBXFileReference; lastKnownFileType = sourcecode.swift; path = MushMazeUITestsLaunchTests.swift; sourceTree = "<group>"; };
		3F136780297FE916005B8666 /* LocationManager.swift */ = {isa = PBXFileReference; lastKnownFileType = sourcecode.swift; path = LocationManager.swift; sourceTree = "<group>"; };
		3F136786297FF064005B8666 /* Place.swift */ = {isa = PBXFileReference; lastKnownFileType = sourcecode.swift; path = Place.swift; sourceTree = "<group>"; };
		3F136788297FF0CC005B8666 /* Places.swift */ = {isa = PBXFileReference; lastKnownFileType = sourcecode.swift; path = Places.swift; sourceTree = "<group>"; };
		3F13678A29801094005B8666 /* MapView.swift */ = {isa = PBXFileReference; lastKnownFileType = sourcecode.swift; path = MapView.swift; sourceTree = "<group>"; };
		3F13678C29801616005B8666 /* GoogleService-Info.plist */ = {isa = PBXFileReference; fileEncoding = 4; lastKnownFileType = text.plist.xml; path = "GoogleService-Info.plist"; sourceTree = "<group>"; };
		3F42EA18298BCC3E00477F61 /* UserModel.swift */ = {isa = PBXFileReference; lastKnownFileType = sourcecode.swift; path = UserModel.swift; sourceTree = "<group>"; };
		3F80B7712981468F00C39181 /* SigningInView.swift */ = {isa = PBXFileReference; lastKnownFileType = sourcecode.swift; path = SigningInView.swift; sourceTree = "<group>"; };
		3F80B7732981617E00C39181 /* User.swift */ = {isa = PBXFileReference; lastKnownFileType = sourcecode.swift; path = User.swift; sourceTree = "<group>"; };
		3F80E35E29812359002877FD /* CreatingAccountView.swift */ = {isa = PBXFileReference; lastKnownFileType = sourcecode.swift; path = CreatingAccountView.swift; sourceTree = "<group>"; };
		3F8D357D2982767300DCBCBF /* ProfileView.swift */ = {isa = PBXFileReference; lastKnownFileType = sourcecode.swift; path = ProfileView.swift; sourceTree = "<group>"; };
		3F8D35802982A2B600DCBCBF /* AddPlaceView.swift */ = {isa = PBXFileReference; lastKnownFileType = sourcecode.swift; path = AddPlaceView.swift; sourceTree = "<group>"; };
		3F8D35882983CA8600DCBCBF /* ImagePicker.swift */ = {isa = PBXFileReference; lastKnownFileType = sourcecode.swift; path = ImagePicker.swift; sourceTree = "<group>"; };
		3F8D358A2983CB4800DCBCBF /* ImageMod.swift */ = {isa = PBXFileReference; lastKnownFileType = sourcecode.swift; path = ImageMod.swift; sourceTree = "<group>"; };
		3FBF8B842990FA3B002C744F /* ChoicePopUp.swift */ = {isa = PBXFileReference; lastKnownFileType = sourcecode.swift; path = ChoicePopUp.swift; sourceTree = "<group>"; };
/* End PBXFileReference section */

/* Begin PBXFrameworksBuildPhase section */
		3F136750297FE6F3005B8666 /* Frameworks */ = {
			isa = PBXFrameworksBuildPhase;
			buildActionMask = 2147483647;
			files = (
				3F136794298016D6005B8666 /* FirebaseFunctions in Frameworks */,
				3F136790298016D6005B8666 /* FirebaseFirestore in Frameworks */,
				3F136792298016D6005B8666 /* FirebaseFirestoreSwift in Frameworks */,
				3F8D35832982C61900DCBCBF /* FirebaseStorage in Frameworks */,
				3F80E35D2981220D002877FD /* FirebaseAuth in Frameworks */,
			);
			runOnlyForDeploymentPostprocessing = 0;
		};
		3F136760297FE6F6005B8666 /* Frameworks */ = {
			isa = PBXFrameworksBuildPhase;
			buildActionMask = 2147483647;
			files = (
			);
			runOnlyForDeploymentPostprocessing = 0;
		};
		3F13676A297FE6F6005B8666 /* Frameworks */ = {
			isa = PBXFrameworksBuildPhase;
			buildActionMask = 2147483647;
			files = (
			);
			runOnlyForDeploymentPostprocessing = 0;
		};
/* End PBXFrameworksBuildPhase section */

/* Begin PBXGroup section */
		3F13674A297FE6F3005B8666 = {
			isa = PBXGroup;
			children = (
				3F136755297FE6F3005B8666 /* MushMaze */,
				3F136766297FE6F6005B8666 /* MushMazeTests */,
				3F136770297FE6F6005B8666 /* MushMazeUITests */,
				3F136754297FE6F3005B8666 /* Products */,
				3F80E35B2981220D002877FD /* Frameworks */,
			);
			sourceTree = "<group>";
		};
		3F136754297FE6F3005B8666 /* Products */ = {
			isa = PBXGroup;
			children = (
				3F136753297FE6F3005B8666 /* MushMaze.app */,
				3F136763297FE6F6005B8666 /* MushMazeTests.xctest */,
				3F13676D297FE6F6005B8666 /* MushMazeUITests.xctest */,
			);
			name = Products;
			sourceTree = "<group>";
		};
		3F136755297FE6F3005B8666 /* MushMaze */ = {
			isa = PBXGroup;
			children = (
				3FB15A3A298C4A6B009B4A38 /* Models */,
				3F8D357F2982768600DCBCBF /* Views */,
				3F136756297FE6F3005B8666 /* MushMazeApp.swift */,
				3F13675A297FE6F5005B8666 /* Assets.xcassets */,
				3F13678C29801616005B8666 /* GoogleService-Info.plist */,
				3F13675C297FE6F5005B8666 /* Preview Content */,
			);
			path = MushMaze;
			sourceTree = "<group>";
		};
		3F13675C297FE6F5005B8666 /* Preview Content */ = {
			isa = PBXGroup;
			children = (
				3F13675D297FE6F5005B8666 /* Preview Assets.xcassets */,
			);
			path = "Preview Content";
			sourceTree = "<group>";
		};
		3F136766297FE6F6005B8666 /* MushMazeTests */ = {
			isa = PBXGroup;
			children = (
				3F136767297FE6F6005B8666 /* MushMazeTests.swift */,
			);
			path = MushMazeTests;
			sourceTree = "<group>";
		};
		3F136770297FE6F6005B8666 /* MushMazeUITests */ = {
			isa = PBXGroup;
			children = (
				3F136771297FE6F6005B8666 /* MushMazeUITests.swift */,
				3F136773297FE6F6005B8666 /* MushMazeUITestsLaunchTests.swift */,
			);
			path = MushMazeUITests;
			sourceTree = "<group>";
		};
		3F80E35B2981220D002877FD /* Frameworks */ = {
			isa = PBXGroup;
			children = (
			);
			name = Frameworks;
			sourceTree = "<group>";
		};
		3F8D357F2982768600DCBCBF /* Views */ = {
			isa = PBXGroup;
			children = (
				3F136758297FE6F3005B8666 /* ContentView.swift */,
				3F13678A29801094005B8666 /* MapView.swift */,
				3F80E35E29812359002877FD /* CreatingAccountView.swift */,
				3F80B7712981468F00C39181 /* SigningInView.swift */,
				3F8D357D2982767300DCBCBF /* ProfileView.swift */,
				3F8D35802982A2B600DCBCBF /* AddPlaceView.swift */,
				3F0DC4B62989503700C0BCBC /* ListOfPlacesView.swift */,
				3F0DC4B82989618600C0BCBC /* PlaceDetailsView.swift */,
				3F0DC4BA2989670A00C0BCBC /* DestinationView.swift */,
				3FBF8B842990FA3B002C744F /* ChoicePopUp.swift */,
			);
			path = Views;
			sourceTree = "<group>";
		};
		3FB15A3A298C4A6B009B4A38 /* Models */ = {
			isa = PBXGroup;
			children = (
				3F136780297FE916005B8666 /* LocationManager.swift */,
				3F136786297FF064005B8666 /* Place.swift */,
				3F136788297FF0CC005B8666 /* Places.swift */,
				3F80B7732981617E00C39181 /* User.swift */,
				3F8D35882983CA8600DCBCBF /* ImagePicker.swift */,
				3F8D358A2983CB4800DCBCBF /* ImageMod.swift */,
				3F42EA18298BCC3E00477F61 /* UserModel.swift */,
			);
			path = Models;
			sourceTree = "<group>";
		};
/* End PBXGroup section */

/* Begin PBXNativeTarget section */
		3F136752297FE6F3005B8666 /* MushMaze */ = {
			isa = PBXNativeTarget;
			buildConfigurationList = 3F136777297FE6F6005B8666 /* Build configuration list for PBXNativeTarget "MushMaze" */;
			buildPhases = (
				3F13674F297FE6F3005B8666 /* Sources */,
				3F136750297FE6F3005B8666 /* Frameworks */,
				3F136751297FE6F3005B8666 /* Resources */,
			);
			buildRules = (
			);
			dependencies = (
			);
			name = MushMaze;
			packageProductDependencies = (
				3F13678F298016D6005B8666 /* FirebaseFirestore */,
				3F136791298016D6005B8666 /* FirebaseFirestoreSwift */,
				3F136793298016D6005B8666 /* FirebaseFunctions */,
				3F80E35C2981220D002877FD /* FirebaseAuth */,
				3F8D35822982C61900DCBCBF /* FirebaseStorage */,
			);
			productName = MushMaze;
			productReference = 3F136753297FE6F3005B8666 /* MushMaze.app */;
			productType = "com.apple.product-type.application";
		};
		3F136762297FE6F6005B8666 /* MushMazeTests */ = {
			isa = PBXNativeTarget;
			buildConfigurationList = 3F13677A297FE6F6005B8666 /* Build configuration list for PBXNativeTarget "MushMazeTests" */;
			buildPhases = (
				3F13675F297FE6F6005B8666 /* Sources */,
				3F136760297FE6F6005B8666 /* Frameworks */,
				3F136761297FE6F6005B8666 /* Resources */,
			);
			buildRules = (
			);
			dependencies = (
				3F136765297FE6F6005B8666 /* PBXTargetDependency */,
			);
			name = MushMazeTests;
			productName = MushMazeTests;
			productReference = 3F136763297FE6F6005B8666 /* MushMazeTests.xctest */;
			productType = "com.apple.product-type.bundle.unit-test";
		};
		3F13676C297FE6F6005B8666 /* MushMazeUITests */ = {
			isa = PBXNativeTarget;
			buildConfigurationList = 3F13677D297FE6F6005B8666 /* Build configuration list for PBXNativeTarget "MushMazeUITests" */;
			buildPhases = (
				3F136769297FE6F6005B8666 /* Sources */,
				3F13676A297FE6F6005B8666 /* Frameworks */,
				3F13676B297FE6F6005B8666 /* Resources */,
			);
			buildRules = (
			);
			dependencies = (
				3F13676F297FE6F6005B8666 /* PBXTargetDependency */,
			);
			name = MushMazeUITests;
			productName = MushMazeUITests;
			productReference = 3F13676D297FE6F6005B8666 /* MushMazeUITests.xctest */;
			productType = "com.apple.product-type.bundle.ui-testing";
		};
/* End PBXNativeTarget section */

/* Begin PBXProject section */
		3F13674B297FE6F3005B8666 /* Project object */ = {
			isa = PBXProject;
			attributes = {
				BuildIndependentTargetsInParallel = 1;
				LastSwiftUpdateCheck = 1420;
				LastUpgradeCheck = 1420;
				TargetAttributes = {
					3F136752297FE6F3005B8666 = {
						CreatedOnToolsVersion = 14.2;
					};
					3F136762297FE6F6005B8666 = {
						CreatedOnToolsVersion = 14.2;
						TestTargetID = 3F136752297FE6F3005B8666;
					};
					3F13676C297FE6F6005B8666 = {
						CreatedOnToolsVersion = 14.2;
						TestTargetID = 3F136752297FE6F3005B8666;
					};
				};
			};
			buildConfigurationList = 3F13674E297FE6F3005B8666 /* Build configuration list for PBXProject "MushMaze" */;
			compatibilityVersion = "Xcode 14.0";
			developmentRegion = en;
			hasScannedForEncodings = 0;
			knownRegions = (
				en,
				Base,
			);
			mainGroup = 3F13674A297FE6F3005B8666;
			packageReferences = (
				3F13678E298016D6005B8666 /* XCRemoteSwiftPackageReference "firebase-ios-sdk" */,
				3F42E99B298AF32A00477F61 /* XCRemoteSwiftPackageReference "swiftui-cached-async-image" */,
			);
			productRefGroup = 3F136754297FE6F3005B8666 /* Products */;
			projectDirPath = "";
			projectRoot = "";
			targets = (
				3F136752297FE6F3005B8666 /* MushMaze */,
				3F136762297FE6F6005B8666 /* MushMazeTests */,
				3F13676C297FE6F6005B8666 /* MushMazeUITests */,
			);
		};
/* End PBXProject section */

/* Begin PBXResourcesBuildPhase section */
		3F136751297FE6F3005B8666 /* Resources */ = {
			isa = PBXResourcesBuildPhase;
			buildActionMask = 2147483647;
			files = (
				3F13675E297FE6F5005B8666 /* Preview Assets.xcassets in Resources */,
				3F13678D29801616005B8666 /* GoogleService-Info.plist in Resources */,
				3F13675B297FE6F5005B8666 /* Assets.xcassets in Resources */,
			);
			runOnlyForDeploymentPostprocessing = 0;
		};
		3F136761297FE6F6005B8666 /* Resources */ = {
			isa = PBXResourcesBuildPhase;
			buildActionMask = 2147483647;
			files = (
			);
			runOnlyForDeploymentPostprocessing = 0;
		};
		3F13676B297FE6F6005B8666 /* Resources */ = {
			isa = PBXResourcesBuildPhase;
			buildActionMask = 2147483647;
			files = (
			);
			runOnlyForDeploymentPostprocessing = 0;
		};
/* End PBXResourcesBuildPhase section */

/* Begin PBXSourcesBuildPhase section */
		3F13674F297FE6F3005B8666 /* Sources */ = {
			isa = PBXSourcesBuildPhase;
			buildActionMask = 2147483647;
			files = (
				3F136789297FF0CC005B8666 /* Places.swift in Sources */,
				3FBF8B852990FA3B002C744F /* ChoicePopUp.swift in Sources */,
				3F80E35F29812359002877FD /* CreatingAccountView.swift in Sources */,
				3F8D35892983CA8700DCBCBF /* ImagePicker.swift in Sources */,
				3F8D357E2982767300DCBCBF /* ProfileView.swift in Sources */,
				3F13678B29801094005B8666 /* MapView.swift in Sources */,
				3F8D35812982A2B600DCBCBF /* AddPlaceView.swift in Sources */,
				3F0DC4B92989618600C0BCBC /* PlaceDetailsView.swift in Sources */,
				3F8D358B2983CB4800DCBCBF /* ImageMod.swift in Sources */,
				3F0DC4BB2989670A00C0BCBC /* DestinationView.swift in Sources */,
				3F42EA19298BCC3E00477F61 /* UserModel.swift in Sources */,
				3F136759297FE6F3005B8666 /* ContentView.swift in Sources */,
				3F136757297FE6F3005B8666 /* MushMazeApp.swift in Sources */,
				3F80B7742981617E00C39181 /* User.swift in Sources */,
				3F136781297FE916005B8666 /* LocationManager.swift in Sources */,
				3F136787297FF064005B8666 /* Place.swift in Sources */,
				3F80B7722981468F00C39181 /* SigningInView.swift in Sources */,
				3F0DC4B72989503700C0BCBC /* ListOfPlacesView.swift in Sources */,
			);
			runOnlyForDeploymentPostprocessing = 0;
		};
		3F13675F297FE6F6005B8666 /* Sources */ = {
			isa = PBXSourcesBuildPhase;
			buildActionMask = 2147483647;
			files = (
				3F136768297FE6F6005B8666 /* MushMazeTests.swift in Sources */,
			);
			runOnlyForDeploymentPostprocessing = 0;
		};
		3F136769297FE6F6005B8666 /* Sources */ = {
			isa = PBXSourcesBuildPhase;
			buildActionMask = 2147483647;
			files = (
				3F136774297FE6F6005B8666 /* MushMazeUITestsLaunchTests.swift in Sources */,
				3F136772297FE6F6005B8666 /* MushMazeUITests.swift in Sources */,
			);
			runOnlyForDeploymentPostprocessing = 0;
		};
/* End PBXSourcesBuildPhase section */

/* Begin PBXTargetDependency section */
		3F136765297FE6F6005B8666 /* PBXTargetDependency */ = {
			isa = PBXTargetDependency;
			target = 3F136752297FE6F3005B8666 /* MushMaze */;
			targetProxy = 3F136764297FE6F6005B8666 /* PBXContainerItemProxy */;
		};
		3F13676F297FE6F6005B8666 /* PBXTargetDependency */ = {
			isa = PBXTargetDependency;
			target = 3F136752297FE6F3005B8666 /* MushMaze */;
			targetProxy = 3F13676E297FE6F6005B8666 /* PBXContainerItemProxy */;
		};
/* End PBXTargetDependency section */

/* Begin XCBuildConfiguration section */
		3F136775297FE6F6005B8666 /* Debug */ = {
			isa = XCBuildConfiguration;
			buildSettings = {
				ALWAYS_SEARCH_USER_PATHS = NO;
				CLANG_ANALYZER_NONNULL = YES;
				CLANG_ANALYZER_NUMBER_OBJECT_CONVERSION = YES_AGGRESSIVE;
				CLANG_CXX_LANGUAGE_STANDARD = "gnu++20";
				CLANG_ENABLE_MODULES = YES;
				CLANG_ENABLE_OBJC_ARC = YES;
				CLANG_ENABLE_OBJC_WEAK = YES;
				CLANG_WARN_BLOCK_CAPTURE_AUTORELEASING = YES;
				CLANG_WARN_BOOL_CONVERSION = YES;
				CLANG_WARN_COMMA = YES;
				CLANG_WARN_CONSTANT_CONVERSION = YES;
				CLANG_WARN_DEPRECATED_OBJC_IMPLEMENTATIONS = YES;
				CLANG_WARN_DIRECT_OBJC_ISA_USAGE = YES_ERROR;
				CLANG_WARN_DOCUMENTATION_COMMENTS = YES;
				CLANG_WARN_EMPTY_BODY = YES;
				CLANG_WARN_ENUM_CONVERSION = YES;
				CLANG_WARN_INFINITE_RECURSION = YES;
				CLANG_WARN_INT_CONVERSION = YES;
				CLANG_WARN_NON_LITERAL_NULL_CONVERSION = YES;
				CLANG_WARN_OBJC_IMPLICIT_RETAIN_SELF = YES;
				CLANG_WARN_OBJC_LITERAL_CONVERSION = YES;
				CLANG_WARN_OBJC_ROOT_CLASS = YES_ERROR;
				CLANG_WARN_QUOTED_INCLUDE_IN_FRAMEWORK_HEADER = YES;
				CLANG_WARN_RANGE_LOOP_ANALYSIS = YES;
				CLANG_WARN_STRICT_PROTOTYPES = YES;
				CLANG_WARN_SUSPICIOUS_MOVE = YES;
				CLANG_WARN_UNGUARDED_AVAILABILITY = YES_AGGRESSIVE;
				CLANG_WARN_UNREACHABLE_CODE = YES;
				CLANG_WARN__DUPLICATE_METHOD_MATCH = YES;
				COPY_PHASE_STRIP = NO;
				DEBUG_INFORMATION_FORMAT = dwarf;
				ENABLE_STRICT_OBJC_MSGSEND = YES;
				ENABLE_TESTABILITY = YES;
				GCC_C_LANGUAGE_STANDARD = gnu11;
				GCC_DYNAMIC_NO_PIC = NO;
				GCC_NO_COMMON_BLOCKS = YES;
				GCC_OPTIMIZATION_LEVEL = 0;
				GCC_PREPROCESSOR_DEFINITIONS = (
					"DEBUG=1",
					"$(inherited)",
				);
				GCC_WARN_64_TO_32_BIT_CONVERSION = YES;
				GCC_WARN_ABOUT_RETURN_TYPE = YES_ERROR;
				GCC_WARN_UNDECLARED_SELECTOR = YES;
				GCC_WARN_UNINITIALIZED_AUTOS = YES_AGGRESSIVE;
				GCC_WARN_UNUSED_FUNCTION = YES;
				GCC_WARN_UNUSED_VARIABLE = YES;
				IPHONEOS_DEPLOYMENT_TARGET = 16.2;
				MTL_ENABLE_DEBUG_INFO = INCLUDE_SOURCE;
				MTL_FAST_MATH = YES;
				ONLY_ACTIVE_ARCH = YES;
				SDKROOT = iphoneos;
				SWIFT_ACTIVE_COMPILATION_CONDITIONS = DEBUG;
				SWIFT_OPTIMIZATION_LEVEL = "-Onone";
			};
			name = Debug;
		};
		3F136776297FE6F6005B8666 /* Release */ = {
			isa = XCBuildConfiguration;
			buildSettings = {
				ALWAYS_SEARCH_USER_PATHS = NO;
				CLANG_ANALYZER_NONNULL = YES;
				CLANG_ANALYZER_NUMBER_OBJECT_CONVERSION = YES_AGGRESSIVE;
				CLANG_CXX_LANGUAGE_STANDARD = "gnu++20";
				CLANG_ENABLE_MODULES = YES;
				CLANG_ENABLE_OBJC_ARC = YES;
				CLANG_ENABLE_OBJC_WEAK = YES;
				CLANG_WARN_BLOCK_CAPTURE_AUTORELEASING = YES;
				CLANG_WARN_BOOL_CONVERSION = YES;
				CLANG_WARN_COMMA = YES;
				CLANG_WARN_CONSTANT_CONVERSION = YES;
				CLANG_WARN_DEPRECATED_OBJC_IMPLEMENTATIONS = YES;
				CLANG_WARN_DIRECT_OBJC_ISA_USAGE = YES_ERROR;
				CLANG_WARN_DOCUMENTATION_COMMENTS = YES;
				CLANG_WARN_EMPTY_BODY = YES;
				CLANG_WARN_ENUM_CONVERSION = YES;
				CLANG_WARN_INFINITE_RECURSION = YES;
				CLANG_WARN_INT_CONVERSION = YES;
				CLANG_WARN_NON_LITERAL_NULL_CONVERSION = YES;
				CLANG_WARN_OBJC_IMPLICIT_RETAIN_SELF = YES;
				CLANG_WARN_OBJC_LITERAL_CONVERSION = YES;
				CLANG_WARN_OBJC_ROOT_CLASS = YES_ERROR;
				CLANG_WARN_QUOTED_INCLUDE_IN_FRAMEWORK_HEADER = YES;
				CLANG_WARN_RANGE_LOOP_ANALYSIS = YES;
				CLANG_WARN_STRICT_PROTOTYPES = YES;
				CLANG_WARN_SUSPICIOUS_MOVE = YES;
				CLANG_WARN_UNGUARDED_AVAILABILITY = YES_AGGRESSIVE;
				CLANG_WARN_UNREACHABLE_CODE = YES;
				CLANG_WARN__DUPLICATE_METHOD_MATCH = YES;
				COPY_PHASE_STRIP = NO;
				DEBUG_INFORMATION_FORMAT = "dwarf-with-dsym";
				ENABLE_NS_ASSERTIONS = NO;
				ENABLE_STRICT_OBJC_MSGSEND = YES;
				GCC_C_LANGUAGE_STANDARD = gnu11;
				GCC_NO_COMMON_BLOCKS = YES;
				GCC_WARN_64_TO_32_BIT_CONVERSION = YES;
				GCC_WARN_ABOUT_RETURN_TYPE = YES_ERROR;
				GCC_WARN_UNDECLARED_SELECTOR = YES;
				GCC_WARN_UNINITIALIZED_AUTOS = YES_AGGRESSIVE;
				GCC_WARN_UNUSED_FUNCTION = YES;
				GCC_WARN_UNUSED_VARIABLE = YES;
				IPHONEOS_DEPLOYMENT_TARGET = 16.2;
				MTL_ENABLE_DEBUG_INFO = NO;
				MTL_FAST_MATH = YES;
				SDKROOT = iphoneos;
				SWIFT_COMPILATION_MODE = wholemodule;
				SWIFT_OPTIMIZATION_LEVEL = "-O";
				VALIDATE_PRODUCT = YES;
			};
			name = Release;
		};
		3F136778297FE6F6005B8666 /* Debug */ = {
			isa = XCBuildConfiguration;
			buildSettings = {
				ASSETCATALOG_COMPILER_APPICON_NAME = AppIcon;
				ASSETCATALOG_COMPILER_GLOBAL_ACCENT_COLOR_NAME = AccentColor;
				CODE_SIGN_STYLE = Automatic;
				CURRENT_PROJECT_VERSION = 1;
				DEVELOPMENT_ASSET_PATHS = "\"MushMaze/Preview Content\"";
				DEVELOPMENT_TEAM = W5BK5DHQMV;
				ENABLE_PREVIEWS = YES;
				GENERATE_INFOPLIST_FILE = YES;
				INFOPLIST_KEY_NSCameraUsageDescription = "We need the camera permission";
				INFOPLIST_KEY_NSLocationWhenInUseUsageDescription = "the app needs to access your location, without permission the app won't work";
				INFOPLIST_KEY_NSPhotoLibraryUsageDescription = "We need your permission to access photos library";
				INFOPLIST_KEY_UIApplicationSceneManifest_Generation = YES;
				INFOPLIST_KEY_UIApplicationSupportsIndirectInputEvents = YES;
				INFOPLIST_KEY_UILaunchScreen_Generation = YES;
				INFOPLIST_KEY_UISupportedInterfaceOrientations_iPad = "UIInterfaceOrientationPortrait UIInterfaceOrientationPortraitUpsideDown UIInterfaceOrientationLandscapeLeft UIInterfaceOrientationLandscapeRight";
				INFOPLIST_KEY_UISupportedInterfaceOrientations_iPhone = "UIInterfaceOrientationPortrait UIInterfaceOrientationLandscapeLeft UIInterfaceOrientationLandscapeRight";
				LD_RUNPATH_SEARCH_PATHS = (
					"$(inherited)",
					"@executable_path/Frameworks",
				);
				MARKETING_VERSION = 1.0;
				PRODUCT_BUNDLE_IDENTIFIER = ElinSimonsson.MushMaze;
				PRODUCT_NAME = "$(TARGET_NAME)";
				SWIFT_EMIT_LOC_STRINGS = YES;
				SWIFT_VERSION = 5.0;
				TARGETED_DEVICE_FAMILY = "1,2";
			};
			name = Debug;
		};
		3F136779297FE6F6005B8666 /* Release */ = {
			isa = XCBuildConfiguration;
			buildSettings = {
				ASSETCATALOG_COMPILER_APPICON_NAME = AppIcon;
				ASSETCATALOG_COMPILER_GLOBAL_ACCENT_COLOR_NAME = AccentColor;
				CODE_SIGN_STYLE = Automatic;
				CURRENT_PROJECT_VERSION = 1;
				DEVELOPMENT_ASSET_PATHS = "\"MushMaze/Preview Content\"";
				DEVELOPMENT_TEAM = W5BK5DHQMV;
				ENABLE_PREVIEWS = YES;
				GENERATE_INFOPLIST_FILE = YES;
				INFOPLIST_KEY_NSCameraUsageDescription = "We need the camera permission";
				INFOPLIST_KEY_NSLocationWhenInUseUsageDescription = "the app needs to access your location, without permission the app won't work";
				INFOPLIST_KEY_NSPhotoLibraryUsageDescription = "We need your permission to access photos library";
				INFOPLIST_KEY_UIApplicationSceneManifest_Generation = YES;
				INFOPLIST_KEY_UIApplicationSupportsIndirectInputEvents = YES;
				INFOPLIST_KEY_UILaunchScreen_Generation = YES;
				INFOPLIST_KEY_UISupportedInterfaceOrientations_iPad = "UIInterfaceOrientationPortrait UIInterfaceOrientationPortraitUpsideDown UIInterfaceOrientationLandscapeLeft UIInterfaceOrientationLandscapeRight";
				INFOPLIST_KEY_UISupportedInterfaceOrientations_iPhone = "UIInterfaceOrientationPortrait UIInterfaceOrientationLandscapeLeft UIInterfaceOrientationLandscapeRight";
				LD_RUNPATH_SEARCH_PATHS = (
					"$(inherited)",
					"@executable_path/Frameworks",
				);
				MARKETING_VERSION = 1.0;
				PRODUCT_BUNDLE_IDENTIFIER = ElinSimonsson.MushMaze;
				PRODUCT_NAME = "$(TARGET_NAME)";
				SWIFT_EMIT_LOC_STRINGS = YES;
				SWIFT_VERSION = 5.0;
				TARGETED_DEVICE_FAMILY = "1,2";
			};
			name = Release;
		};
		3F13677B297FE6F6005B8666 /* Debug */ = {
			isa = XCBuildConfiguration;
			buildSettings = {
				ALWAYS_EMBED_SWIFT_STANDARD_LIBRARIES = YES;
				BUNDLE_LOADER = "$(TEST_HOST)";
				CODE_SIGN_STYLE = Automatic;
				CURRENT_PROJECT_VERSION = 1;
				DEVELOPMENT_TEAM = W5BK5DHQMV;
				GENERATE_INFOPLIST_FILE = YES;
				IPHONEOS_DEPLOYMENT_TARGET = 16.2;
				MARKETING_VERSION = 1.0;
				PRODUCT_BUNDLE_IDENTIFIER = ElinSimonsson.MushMazeTests;
				PRODUCT_NAME = "$(TARGET_NAME)";
				SWIFT_EMIT_LOC_STRINGS = NO;
				SWIFT_VERSION = 5.0;
				TARGETED_DEVICE_FAMILY = "1,2";
				TEST_HOST = "$(BUILT_PRODUCTS_DIR)/MushMaze.app/$(BUNDLE_EXECUTABLE_FOLDER_PATH)/MushMaze";
			};
			name = Debug;
		};
		3F13677C297FE6F6005B8666 /* Release */ = {
			isa = XCBuildConfiguration;
			buildSettings = {
				ALWAYS_EMBED_SWIFT_STANDARD_LIBRARIES = YES;
				BUNDLE_LOADER = "$(TEST_HOST)";
				CODE_SIGN_STYLE = Automatic;
				CURRENT_PROJECT_VERSION = 1;
				DEVELOPMENT_TEAM = W5BK5DHQMV;
				GENERATE_INFOPLIST_FILE = YES;
				IPHONEOS_DEPLOYMENT_TARGET = 16.2;
				MARKETING_VERSION = 1.0;
				PRODUCT_BUNDLE_IDENTIFIER = ElinSimonsson.MushMazeTests;
				PRODUCT_NAME = "$(TARGET_NAME)";
				SWIFT_EMIT_LOC_STRINGS = NO;
				SWIFT_VERSION = 5.0;
				TARGETED_DEVICE_FAMILY = "1,2";
				TEST_HOST = "$(BUILT_PRODUCTS_DIR)/MushMaze.app/$(BUNDLE_EXECUTABLE_FOLDER_PATH)/MushMaze";
			};
			name = Release;
		};
		3F13677E297FE6F6005B8666 /* Debug */ = {
			isa = XCBuildConfiguration;
			buildSettings = {
				ALWAYS_EMBED_SWIFT_STANDARD_LIBRARIES = YES;
				CODE_SIGN_STYLE = Automatic;
				CURRENT_PROJECT_VERSION = 1;
				DEVELOPMENT_TEAM = W5BK5DHQMV;
				GENERATE_INFOPLIST_FILE = YES;
				MARKETING_VERSION = 1.0;
				PRODUCT_BUNDLE_IDENTIFIER = ElinSimonsson.MushMazeUITests;
				PRODUCT_NAME = "$(TARGET_NAME)";
				SWIFT_EMIT_LOC_STRINGS = NO;
				SWIFT_VERSION = 5.0;
				TARGETED_DEVICE_FAMILY = "1,2";
				TEST_TARGET_NAME = MushMaze;
			};
			name = Debug;
		};
		3F13677F297FE6F6005B8666 /* Release */ = {
			isa = XCBuildConfiguration;
			buildSettings = {
				ALWAYS_EMBED_SWIFT_STANDARD_LIBRARIES = YES;
				CODE_SIGN_STYLE = Automatic;
				CURRENT_PROJECT_VERSION = 1;
				DEVELOPMENT_TEAM = W5BK5DHQMV;
				GENERATE_INFOPLIST_FILE = YES;
				MARKETING_VERSION = 1.0;
				PRODUCT_BUNDLE_IDENTIFIER = ElinSimonsson.MushMazeUITests;
				PRODUCT_NAME = "$(TARGET_NAME)";
				SWIFT_EMIT_LOC_STRINGS = NO;
				SWIFT_VERSION = 5.0;
				TARGETED_DEVICE_FAMILY = "1,2";
				TEST_TARGET_NAME = MushMaze;
			};
			name = Release;
		};
/* End XCBuildConfiguration section */

/* Begin XCConfigurationList section */
		3F13674E297FE6F3005B8666 /* Build configuration list for PBXProject "MushMaze" */ = {
			isa = XCConfigurationList;
			buildConfigurations = (
				3F136775297FE6F6005B8666 /* Debug */,
				3F136776297FE6F6005B8666 /* Release */,
			);
			defaultConfigurationIsVisible = 0;
			defaultConfigurationName = Release;
		};
		3F136777297FE6F6005B8666 /* Build configuration list for PBXNativeTarget "MushMaze" */ = {
			isa = XCConfigurationList;
			buildConfigurations = (
				3F136778297FE6F6005B8666 /* Debug */,
				3F136779297FE6F6005B8666 /* Release */,
			);
			defaultConfigurationIsVisible = 0;
			defaultConfigurationName = Release;
		};
		3F13677A297FE6F6005B8666 /* Build configuration list for PBXNativeTarget "MushMazeTests" */ = {
			isa = XCConfigurationList;
			buildConfigurations = (
				3F13677B297FE6F6005B8666 /* Debug */,
				3F13677C297FE6F6005B8666 /* Release */,
			);
			defaultConfigurationIsVisible = 0;
			defaultConfigurationName = Release;
		};
		3F13677D297FE6F6005B8666 /* Build configuration list for PBXNativeTarget "MushMazeUITests" */ = {
			isa = XCConfigurationList;
			buildConfigurations = (
				3F13677E297FE6F6005B8666 /* Debug */,
				3F13677F297FE6F6005B8666 /* Release */,
			);
			defaultConfigurationIsVisible = 0;
			defaultConfigurationName = Release;
		};
/* End XCConfigurationList section */

/* Begin XCRemoteSwiftPackageReference section */
		3F13678E298016D6005B8666 /* XCRemoteSwiftPackageReference "firebase-ios-sdk" */ = {
			isa = XCRemoteSwiftPackageReference;
			repositoryURL = "https://github.com/firebase/firebase-ios-sdk";
			requirement = {
				branch = master;
				kind = branch;
			};
		};
		3F42E99B298AF32A00477F61 /* XCRemoteSwiftPackageReference "swiftui-cached-async-image" */ = {
			isa = XCRemoteSwiftPackageReference;
			repositoryURL = "https://github.com/lorenzofiamingo/swiftui-cached-async-image";
			requirement = {
				branch = main;
				kind = branch;
			};
		};
/* End XCRemoteSwiftPackageReference section */

/* Begin XCSwiftPackageProductDependency section */
		3F13678F298016D6005B8666 /* FirebaseFirestore */ = {
			isa = XCSwiftPackageProductDependency;
			package = 3F13678E298016D6005B8666 /* XCRemoteSwiftPackageReference "firebase-ios-sdk" */;
			productName = FirebaseFirestore;
		};
		3F136791298016D6005B8666 /* FirebaseFirestoreSwift */ = {
			isa = XCSwiftPackageProductDependency;
			package = 3F13678E298016D6005B8666 /* XCRemoteSwiftPackageReference "firebase-ios-sdk" */;
			productName = FirebaseFirestoreSwift;
		};
		3F136793298016D6005B8666 /* FirebaseFunctions */ = {
			isa = XCSwiftPackageProductDependency;
			package = 3F13678E298016D6005B8666 /* XCRemoteSwiftPackageReference "firebase-ios-sdk" */;
			productName = FirebaseFunctions;
		};
		3F80E35C2981220D002877FD /* FirebaseAuth */ = {
			isa = XCSwiftPackageProductDependency;
			package = 3F13678E298016D6005B8666 /* XCRemoteSwiftPackageReference "firebase-ios-sdk" */;
			productName = FirebaseAuth;
		};
		3F8D35822982C61900DCBCBF /* FirebaseStorage */ = {
			isa = XCSwiftPackageProductDependency;
			package = 3F13678E298016D6005B8666 /* XCRemoteSwiftPackageReference "firebase-ios-sdk" */;
			productName = FirebaseStorage;
		};
/* End XCSwiftPackageProductDependency section */
	};
	rootObject = 3F13674B297FE6F3005B8666 /* Project object */;
}
